
Microsoft Visual Studio Solution File, Format Version 12.00
Project("{FAE04EC0-301F-11D3-BF4B-00C04F79EFBC}") = "Werter.Learning.Rabbit.ConsoleApp", "Werter.Learning.Rabbit.ConsoleApp\Werter.Learning.Rabbit.ConsoleApp.csproj", "{EE3BD93F-A33D-4F39-9985-1DCBB902AC83}"
EndProject
Global
	GlobalSection(SolutionConfigurationPlatforms) = preSolution
		Debug|Any CPU = Debug|Any CPU
		Release|Any CPU = Release|Any CPU
	EndGlobalSection
	GlobalSection(ProjectConfigurationPlatforms) = postSolution
		{EE3BD93F-A33D-4F39-9985-1DCBB902AC83}.Debug|Any CPU.ActiveCfg = Debug|Any CPU
		{EE3BD93F-A33D-4F39-9985-1DCBB902AC83}.Debug|Any CPU.Build.0 = Debug|Any CPU
		{EE3BD93F-A33D-4F39-9985-1DCBB902AC83}.Release|Any CPU.ActiveCfg = Release|Any CPU
		{EE3BD93F-A33D-4F39-9985-1DCBB902AC83}.Release|Any CPU.Build.0 = Release|Any CPU
	EndGlobalSection
EndGlobal
